
Microsoft Visual Studio Solution File, Format Version 12.00
# Visual Studio Version 17
VisualStudioVersion = 17.11.35303.130
MinimumVisualStudioVersion = 10.0.40219.1
Project("{FAE04EC0-301F-11D3-BF4B-00C04F79EFBC}") = "PresntationLayer", "PresntationLayer\PresntationLayer.csproj", "{7DFE0F62-34FD-44AC-91D8-51283CE5396A}"
EndProject
Project("{FAE04EC0-301F-11D3-BF4B-00C04F79EFBC}") = "DataAccessLayer", "DataAccessLayer\DataAccessLayer.csproj", "{6E566FD8-3814-415F-B1CB-161767ECC60F}"
EndProject
Project("{FAE04EC0-301F-11D3-BF4B-00C04F79EFBC}") = "BussinessLogicLayer", "BussinessLogicLayer\BussinessLogicLayer.csproj", "{496C6CB6-7478-4B4B-BE81-FBAE12A80EDD}"
EndProject
Global
	GlobalSection(SolutionConfigurationPlatforms) = preSolution
		Debug|Any CPU = Debug|Any CPU
		Release|Any CPU = Release|Any CPU
	EndGlobalSection
	GlobalSection(ProjectConfigurationPlatforms) = postSolution
		{7DFE0F62-34FD-44AC-91D8-51283CE5396A}.Debug|Any CPU.ActiveCfg = Debug|Any CPU
		{7DFE0F62-34FD-44AC-91D8-51283CE5396A}.Debug|Any CPU.Build.0 = Debug|Any CPU
		{7DFE0F62-34FD-44AC-91D8-51283CE5396A}.Release|Any CPU.ActiveCfg = Release|Any CPU
		{7DFE0F62-34FD-44AC-91D8-51283CE5396A}.Release|Any CPU.Build.0 = Release|Any CPU
		{6E566FD8-3814-415F-B1CB-161767ECC60F}.Debug|Any CPU.ActiveCfg = Debug|Any CPU
		{6E566FD8-3814-415F-B1CB-161767ECC60F}.Debug|Any CPU.Build.0 = Debug|Any CPU
		{6E566FD8-3814-415F-B1CB-161767ECC60F}.Release|Any CPU.ActiveCfg = Release|Any CPU
		{6E566FD8-3814-415F-B1CB-161767ECC60F}.Release|Any CPU.Build.0 = Release|Any CPU
		{496C6CB6-7478-4B4B-BE81-FBAE12A80EDD}.Debug|Any CPU.ActiveCfg = Debug|Any CPU
		{496C6CB6-7478-4B4B-BE81-FBAE12A80EDD}.Debug|Any CPU.Build.0 = Debug|Any CPU
		{496C6CB6-7478-4B4B-BE81-FBAE12A80EDD}.Release|Any CPU.ActiveCfg = Release|Any CPU
		{496C6CB6-7478-4B4B-BE81-FBAE12A80EDD}.Release|Any CPU.Build.0 = Release|Any CPU
	EndGlobalSection
	GlobalSection(SolutionProperties) = preSolution
		HideSolutionNode = FALSE
	EndGlobalSection
	GlobalSection(ExtensibilityGlobals) = postSolution
		SolutionGuid = {0FDC56A0-A794-4843-82CC-871F06D0E8E1}
	EndGlobalSection
EndGlobal
